
Microsoft Visual Studio Solution File, Format Version 12.00
# Visual Studio Version 16
VisualStudioVersion = 16.0.28803.202
MinimumVisualStudioVersion = 10.0.40219.1
Project("{FAE04EC0-301F-11D3-BF4B-00C04F79EFBC}") = "FinanceWebsite.MVC", "FinanceWebsite.MVC\FinanceWebsite.MVC.csproj", "{A1A7C20A-0F41-4362-BC74-3BE1BD0C0D85}"
EndProject
Project("{FAE04EC0-301F-11D3-BF4B-00C04F79EFBC}") = "FinanceWebsite.Library.BusinessLogic", "Library\BusinessLogic\FinanceWebsite.Library.BusinessLogic.csproj", "{31ED467E-B8F8-4BE8-AD3C-148BDF94AFA0}"
EndProject
Project("{FAE04EC0-301F-11D3-BF4B-00C04F79EFBC}") = "UnitTests.FinanceWebsite.Library.BusinessLogic", "UnitTests\Library\BusinessLogicTests\UnitTests.FinanceWebsite.Library.BusinessLogic.csproj", "{9B3E442F-57AF-43E9-A494-EF72BF37C8F7}"
EndProject
Project("{FAE04EC0-301F-11D3-BF4B-00C04F79EFBC}") = "FinanceWebsite.StockClient", "StockClient\FinanceWebsite.StockClient.csproj", "{8D793CDB-1236-4AD3-9724-022B6D357E74}"
EndProject
Project("{FAE04EC0-301F-11D3-BF4B-00C04F79EFBC}") = "FinanceWebsite.DataAccess", "DataAccess\FinanceWebsite.DataAccess.csproj", "{C7893454-377A-439F-9164-A2CA440700CF}"
EndProject
Project("{FAE04EC0-301F-11D3-BF4B-00C04F79EFBC}") = "FinanceWebsite.Common.Domain", "Common\Domain\FinanceWebsite.Common.Domain.csproj", "{7A61A939-0F4D-4DFB-A52D-4B7ACEAE7022}"
EndProject
Global
	GlobalSection(SolutionConfigurationPlatforms) = preSolution
		Debug|Any CPU = Debug|Any CPU
		Release|Any CPU = Release|Any CPU
	EndGlobalSection
	GlobalSection(ProjectConfigurationPlatforms) = postSolution
		{A1A7C20A-0F41-4362-BC74-3BE1BD0C0D85}.Debug|Any CPU.ActiveCfg = Debug|Any CPU
		{A1A7C20A-0F41-4362-BC74-3BE1BD0C0D85}.Debug|Any CPU.Build.0 = Debug|Any CPU
		{A1A7C20A-0F41-4362-BC74-3BE1BD0C0D85}.Release|Any CPU.ActiveCfg = Release|Any CPU
		{A1A7C20A-0F41-4362-BC74-3BE1BD0C0D85}.Release|Any CPU.Build.0 = Release|Any CPU
		{31ED467E-B8F8-4BE8-AD3C-148BDF94AFA0}.Debug|Any CPU.ActiveCfg = Debug|Any CPU
		{31ED467E-B8F8-4BE8-AD3C-148BDF94AFA0}.Debug|Any CPU.Build.0 = Debug|Any CPU
		{31ED467E-B8F8-4BE8-AD3C-148BDF94AFA0}.Release|Any CPU.ActiveCfg = Release|Any CPU
		{31ED467E-B8F8-4BE8-AD3C-148BDF94AFA0}.Release|Any CPU.Build.0 = Release|Any CPU
		{9B3E442F-57AF-43E9-A494-EF72BF37C8F7}.Debug|Any CPU.ActiveCfg = Debug|Any CPU
		{9B3E442F-57AF-43E9-A494-EF72BF37C8F7}.Debug|Any CPU.Build.0 = Debug|Any CPU
		{9B3E442F-57AF-43E9-A494-EF72BF37C8F7}.Release|Any CPU.ActiveCfg = Release|Any CPU
		{9B3E442F-57AF-43E9-A494-EF72BF37C8F7}.Release|Any CPU.Build.0 = Release|Any CPU
		{8D793CDB-1236-4AD3-9724-022B6D357E74}.Debug|Any CPU.ActiveCfg = Debug|Any CPU
		{8D793CDB-1236-4AD3-9724-022B6D357E74}.Debug|Any CPU.Build.0 = Debug|Any CPU
		{8D793CDB-1236-4AD3-9724-022B6D357E74}.Release|Any CPU.ActiveCfg = Release|Any CPU
		{8D793CDB-1236-4AD3-9724-022B6D357E74}.Release|Any CPU.Build.0 = Release|Any CPU
		{C7893454-377A-439F-9164-A2CA440700CF}.Debug|Any CPU.ActiveCfg = Debug|Any CPU
		{C7893454-377A-439F-9164-A2CA440700CF}.Debug|Any CPU.Build.0 = Debug|Any CPU
		{C7893454-377A-439F-9164-A2CA440700CF}.Release|Any CPU.ActiveCfg = Release|Any CPU
		{C7893454-377A-439F-9164-A2CA440700CF}.Release|Any CPU.Build.0 = Release|Any CPU
		{7A61A939-0F4D-4DFB-A52D-4B7ACEAE7022}.Debug|Any CPU.ActiveCfg = Debug|Any CPU
		{7A61A939-0F4D-4DFB-A52D-4B7ACEAE7022}.Debug|Any CPU.Build.0 = Debug|Any CPU
		{7A61A939-0F4D-4DFB-A52D-4B7ACEAE7022}.Release|Any CPU.ActiveCfg = Release|Any CPU
		{7A61A939-0F4D-4DFB-A52D-4B7ACEAE7022}.Release|Any CPU.Build.0 = Release|Any CPU
	EndGlobalSection
	GlobalSection(SolutionProperties) = preSolution
		HideSolutionNode = FALSE
	EndGlobalSection
	GlobalSection(ExtensibilityGlobals) = postSolution
		SolutionGuid = {67575BEB-A1D9-4F02-A66B-C40062007B26}
	EndGlobalSection
EndGlobal
