
Microsoft Visual Studio Solution File, Format Version 12.00
# Visual Studio Version 16
VisualStudioVersion = 16.0.28803.202
MinimumVisualStudioVersion = 10.0.40219.1
Project("{FAE04EC0-301F-11D3-BF4B-00C04F79EFBC}") = "FinanceWebsite.MVC", "FinanceWebsite.MVC\FinanceWebsite.MVC.csproj", "{A1A7C20A-0F41-4362-BC74-3BE1BD0C0D85}"
EndProject
Project("{FAE04EC0-301F-11D3-BF4B-00C04F79EFBC}") = "FinanceWebsite.FinanceClient.YahooFinance", "FinanceClient\YahooClient\FinanceWebsite.FinanceClient.YahooFinance.csproj", "{595B7474-C960-4EB5-B28C-04DE1461F895}"
EndProject
Project("{FAE04EC0-301F-11D3-BF4B-00C04F79EFBC}") = "FinanceWebsite.Library.BusinessLogic", "Library\BusinessLogic\FinanceWebsite.Library.BusinessLogic.csproj", "{31ED467E-B8F8-4BE8-AD3C-148BDF94AFA0}"
EndProject
Project("{FAE04EC0-301F-11D3-BF4B-00C04F79EFBC}") = "UnitTests.FinanceWebsite.Library.BusinessLogic", "UnitTests\Library\BusinessLogicTests\UnitTests.FinanceWebsite.Library.BusinessLogic.csproj", "{9B3E442F-57AF-43E9-A494-EF72BF37C8F7}"
EndProject
Project("{FAE04EC0-301F-11D3-BF4B-00C04F79EFBC}") = "FinanceWebsite.DataService", "FinanceWebsite.DataService\FinanceWebsite.DataService.csproj", "{0EAC7149-12B9-4F1B-A51F-2D1315E72275}"
EndProject
Project("{FAE04EC0-301F-11D3-BF4B-00C04F79EFBC}") = "MVC", "..\z_FinanceWebsite\MVC\MVC.csproj", "{22727EED-A274-45DF-A2A1-EA4027A6A922}"
EndProject
Global
	GlobalSection(SolutionConfigurationPlatforms) = preSolution
		Debug|Any CPU = Debug|Any CPU
		Release|Any CPU = Release|Any CPU
	EndGlobalSection
	GlobalSection(ProjectConfigurationPlatforms) = postSolution
		{A1A7C20A-0F41-4362-BC74-3BE1BD0C0D85}.Debug|Any CPU.ActiveCfg = Debug|Any CPU
		{A1A7C20A-0F41-4362-BC74-3BE1BD0C0D85}.Debug|Any CPU.Build.0 = Debug|Any CPU
		{A1A7C20A-0F41-4362-BC74-3BE1BD0C0D85}.Release|Any CPU.ActiveCfg = Release|Any CPU
		{A1A7C20A-0F41-4362-BC74-3BE1BD0C0D85}.Release|Any CPU.Build.0 = Release|Any CPU
		{595B7474-C960-4EB5-B28C-04DE1461F895}.Debug|Any CPU.ActiveCfg = Debug|Any CPU
		{595B7474-C960-4EB5-B28C-04DE1461F895}.Debug|Any CPU.Build.0 = Debug|Any CPU
		{595B7474-C960-4EB5-B28C-04DE1461F895}.Release|Any CPU.ActiveCfg = Release|Any CPU
		{595B7474-C960-4EB5-B28C-04DE1461F895}.Release|Any CPU.Build.0 = Release|Any CPU
		{31ED467E-B8F8-4BE8-AD3C-148BDF94AFA0}.Debug|Any CPU.ActiveCfg = Debug|Any CPU
		{31ED467E-B8F8-4BE8-AD3C-148BDF94AFA0}.Debug|Any CPU.Build.0 = Debug|Any CPU
		{31ED467E-B8F8-4BE8-AD3C-148BDF94AFA0}.Release|Any CPU.ActiveCfg = Release|Any CPU
		{31ED467E-B8F8-4BE8-AD3C-148BDF94AFA0}.Release|Any CPU.Build.0 = Release|Any CPU
		{9B3E442F-57AF-43E9-A494-EF72BF37C8F7}.Debug|Any CPU.ActiveCfg = Debug|Any CPU
		{9B3E442F-57AF-43E9-A494-EF72BF37C8F7}.Debug|Any CPU.Build.0 = Debug|Any CPU
		{9B3E442F-57AF-43E9-A494-EF72BF37C8F7}.Release|Any CPU.ActiveCfg = Release|Any CPU
		{9B3E442F-57AF-43E9-A494-EF72BF37C8F7}.Release|Any CPU.Build.0 = Release|Any CPU
		{0EAC7149-12B9-4F1B-A51F-2D1315E72275}.Debug|Any CPU.ActiveCfg = Debug|Any CPU
		{0EAC7149-12B9-4F1B-A51F-2D1315E72275}.Debug|Any CPU.Build.0 = Debug|Any CPU
		{0EAC7149-12B9-4F1B-A51F-2D1315E72275}.Release|Any CPU.ActiveCfg = Release|Any CPU
		{0EAC7149-12B9-4F1B-A51F-2D1315E72275}.Release|Any CPU.Build.0 = Release|Any CPU
		{22727EED-A274-45DF-A2A1-EA4027A6A922}.Debug|Any CPU.ActiveCfg = Debug|Any CPU
		{22727EED-A274-45DF-A2A1-EA4027A6A922}.Debug|Any CPU.Build.0 = Debug|Any CPU
		{22727EED-A274-45DF-A2A1-EA4027A6A922}.Release|Any CPU.ActiveCfg = Release|Any CPU
		{22727EED-A274-45DF-A2A1-EA4027A6A922}.Release|Any CPU.Build.0 = Release|Any CPU
	EndGlobalSection
	GlobalSection(SolutionProperties) = preSolution
		HideSolutionNode = FALSE
	EndGlobalSection
	GlobalSection(ExtensibilityGlobals) = postSolution
		SolutionGuid = {67575BEB-A1D9-4F02-A66B-C40062007B26}
	EndGlobalSection
EndGlobal
